
Microsoft Visual Studio Solution File, Format Version 12.00
# Visual Studio Version 17
VisualStudioVersion = 17.13.35825.156
MinimumVisualStudioVersion = 10.0.40219.1
Project("{FAE04EC0-301F-11D3-BF4B-00C04F79EFBC}") = "TODO", "TODO\TODO.csproj", "{39861C96-B1F0-4B52-84C7-E10F75DA7A19}"
EndProject
Project("{FAE04EC0-301F-11D3-BF4B-00C04F79EFBC}") = "SimpleCalculator", "SimpleCalculator\SimpleCalculator.csproj", "{31EA8127-460E-445E-BF45-5AA145956D74}"
EndProject
Global
	GlobalSection(SolutionConfigurationPlatforms) = preSolution
		Debug|Any CPU = Debug|Any CPU
		Release|Any CPU = Release|Any CPU
	EndGlobalSection
	GlobalSection(ProjectConfigurationPlatforms) = postSolution
		{39861C96-B1F0-4B52-84C7-E10F75DA7A19}.Debug|Any CPU.ActiveCfg = Debug|Any CPU
		{39861C96-B1F0-4B52-84C7-E10F75DA7A19}.Debug|Any CPU.Build.0 = Debug|Any CPU
		{39861C96-B1F0-4B52-84C7-E10F75DA7A19}.Release|Any CPU.ActiveCfg = Release|Any CPU
		{39861C96-B1F0-4B52-84C7-E10F75DA7A19}.Release|Any CPU.Build.0 = Release|Any CPU
		{31EA8127-460E-445E-BF45-5AA145956D74}.Debug|Any CPU.ActiveCfg = Debug|Any CPU
		{31EA8127-460E-445E-BF45-5AA145956D74}.Debug|Any CPU.Build.0 = Debug|Any CPU
		{31EA8127-460E-445E-BF45-5AA145956D74}.Release|Any CPU.ActiveCfg = Release|Any CPU
		{31EA8127-460E-445E-BF45-5AA145956D74}.Release|Any CPU.Build.0 = Release|Any CPU
	EndGlobalSection
	GlobalSection(SolutionProperties) = preSolution
		HideSolutionNode = FALSE
	EndGlobalSection
	GlobalSection(ExtensibilityGlobals) = postSolution
		SolutionGuid = {2F8DBFE0-29B9-4B16-AAE8-A4CE7373A221}
	EndGlobalSection
EndGlobal
