
Microsoft Visual Studio Solution File, Format Version 12.00
# Visual Studio Version 17
VisualStudioVersion = 17.13.35931.197
MinimumVisualStudioVersion = 10.0.40219.1
Project("{FAE04EC0-301F-11D3-BF4B-00C04F79EFBC}") = "Own_implemented_List", "Own_implemented_List\Own_implemented_List.csproj", "{14BD6033-589A-46B7-B3F1-62C5A0B46291}"
EndProject
Project("{FAE04EC0-301F-11D3-BF4B-00C04F79EFBC}") = "Tuples", "Tuples\Tuples.csproj", "{FA0B9BF9-5B1D-48DA-BB14-0EDFB06F20F1}"
EndProject
Project("{FAE04EC0-301F-11D3-BF4B-00C04F79EFBC}") = "ArrayList", "ArrayList\ArrayList.csproj", "{FDD138B8-71C6-4976-8A1B-1058514777DB}"
EndProject
Project("{FAE04EC0-301F-11D3-BF4B-00C04F79EFBC}") = "Generic_method", "Generic_method\Generic_method.csproj", "{9025EAA2-AE9C-4944-950A-1E517A271E2B}"
EndProject
Project("{FAE04EC0-301F-11D3-BF4B-00C04F79EFBC}") = "IComparable_Interface", "IComparable_Interface\IComparable_Interface.csproj", "{C865B1BB-BC8F-4B7C-8AF7-5F5C6C576429}"
EndProject
Global
	GlobalSection(SolutionConfigurationPlatforms) = preSolution
		Debug|Any CPU = Debug|Any CPU
		Release|Any CPU = Release|Any CPU
	EndGlobalSection
	GlobalSection(ProjectConfigurationPlatforms) = postSolution
		{14BD6033-589A-46B7-B3F1-62C5A0B46291}.Debug|Any CPU.ActiveCfg = Debug|Any CPU
		{14BD6033-589A-46B7-B3F1-62C5A0B46291}.Debug|Any CPU.Build.0 = Debug|Any CPU
		{14BD6033-589A-46B7-B3F1-62C5A0B46291}.Release|Any CPU.ActiveCfg = Release|Any CPU
		{14BD6033-589A-46B7-B3F1-62C5A0B46291}.Release|Any CPU.Build.0 = Release|Any CPU
		{FA0B9BF9-5B1D-48DA-BB14-0EDFB06F20F1}.Debug|Any CPU.ActiveCfg = Debug|Any CPU
		{FA0B9BF9-5B1D-48DA-BB14-0EDFB06F20F1}.Debug|Any CPU.Build.0 = Debug|Any CPU
		{FA0B9BF9-5B1D-48DA-BB14-0EDFB06F20F1}.Release|Any CPU.ActiveCfg = Release|Any CPU
		{FA0B9BF9-5B1D-48DA-BB14-0EDFB06F20F1}.Release|Any CPU.Build.0 = Release|Any CPU
		{FDD138B8-71C6-4976-8A1B-1058514777DB}.Debug|Any CPU.ActiveCfg = Debug|Any CPU
		{FDD138B8-71C6-4976-8A1B-1058514777DB}.Debug|Any CPU.Build.0 = Debug|Any CPU
		{FDD138B8-71C6-4976-8A1B-1058514777DB}.Release|Any CPU.ActiveCfg = Release|Any CPU
		{FDD138B8-71C6-4976-8A1B-1058514777DB}.Release|Any CPU.Build.0 = Release|Any CPU
		{9025EAA2-AE9C-4944-950A-1E517A271E2B}.Debug|Any CPU.ActiveCfg = Debug|Any CPU
		{9025EAA2-AE9C-4944-950A-1E517A271E2B}.Debug|Any CPU.Build.0 = Debug|Any CPU
		{9025EAA2-AE9C-4944-950A-1E517A271E2B}.Release|Any CPU.ActiveCfg = Release|Any CPU
		{9025EAA2-AE9C-4944-950A-1E517A271E2B}.Release|Any CPU.Build.0 = Release|Any CPU
		{C865B1BB-BC8F-4B7C-8AF7-5F5C6C576429}.Debug|Any CPU.ActiveCfg = Debug|Any CPU
		{C865B1BB-BC8F-4B7C-8AF7-5F5C6C576429}.Debug|Any CPU.Build.0 = Debug|Any CPU
		{C865B1BB-BC8F-4B7C-8AF7-5F5C6C576429}.Release|Any CPU.ActiveCfg = Release|Any CPU
		{C865B1BB-BC8F-4B7C-8AF7-5F5C6C576429}.Release|Any CPU.Build.0 = Release|Any CPU
	EndGlobalSection
	GlobalSection(SolutionProperties) = preSolution
		HideSolutionNode = FALSE
	EndGlobalSection
	GlobalSection(ExtensibilityGlobals) = postSolution
		SolutionGuid = {E0FDE0D6-8BD2-44DF-902B-2478B2235CB4}
	EndGlobalSection
EndGlobal
