
Microsoft Visual Studio Solution File, Format Version 12.00
# Visual Studio Version 17
VisualStudioVersion = 17.13.35825.156 d17.13
MinimumVisualStudioVersion = 10.0.40219.1
Project("{FAE04EC0-301F-11D3-BF4B-00C04F79EFBC}") = "Game_data_parser", "Game_data_parser\Game_data_parser.csproj", "{128786B7-C715-4311-8042-13BA33DB3C22}"
EndProject
Global
	GlobalSection(SolutionConfigurationPlatforms) = preSolution
		Debug|Any CPU = Debug|Any CPU
		Release|Any CPU = Release|Any CPU
	EndGlobalSection
	GlobalSection(ProjectConfigurationPlatforms) = postSolution
		{128786B7-C715-4311-8042-13BA33DB3C22}.Debug|Any CPU.ActiveCfg = Debug|Any CPU
		{128786B7-C715-4311-8042-13BA33DB3C22}.Debug|Any CPU.Build.0 = Debug|Any CPU
		{128786B7-C715-4311-8042-13BA33DB3C22}.Release|Any CPU.ActiveCfg = Release|Any CPU
		{128786B7-C715-4311-8042-13BA33DB3C22}.Release|Any CPU.Build.0 = Release|Any CPU
	EndGlobalSection
	GlobalSection(SolutionProperties) = preSolution
		HideSolutionNode = FALSE
	EndGlobalSection
	GlobalSection(ExtensibilityGlobals) = postSolution
		SolutionGuid = {0662A844-F661-4D07-9768-99755F1A739A}
	EndGlobalSection
EndGlobal
